PODS:
  - Flutter (1.0.0)
  - niimbot_print (0.1.2):
    - Flutter

DEPENDENCIES:
  - Flutter (from `Flutter`)
  - niimbot_print (from `.symlinks/plugins/niimbot_print/ios`)

EXTERNAL SOURCES:
  Flutter:
    :path: Flutter
  niimbot_print:
    :path: ".symlinks/plugins/niimbot_print/ios"

SPEC CHECKSUMS:
  Flutter: 71a624a5bc0c04062bf19101d501e466baf2fb47
  niimbot_print: d12c511d5fa088f629c64140d0ef89a79ec1e2e6

PODFILE CHECKSUM: 98b964752f1d4a11e60eee55308aefea396a4621

COCOAPODS: 1.16.2
